
Microsoft Visual Studio Solution File, Format Version 12.00
# Visual Studio Version 16
VisualStudioVersion = 16.0.32106.194
MinimumVisualStudioVersion = 10.0.40219.1
Project("{9A19103F-16F7-4668-BE54-9A1E7A4F7556}") = "MetricsManager", "MetricsManager\MetricsManager.csproj", "{A515E8C3-F677-4ACD-AB6E-4A6D3076588C}"
EndProject
Project("{9A19103F-16F7-4668-BE54-9A1E7A4F7556}") = "MetricsAgent", "MetricsAgent\MetricsAgent.csproj", "{C0099FE2-F628-43BA-8E27-B87A992F845F}"
EndProject
Project("{FAE04EC0-301F-11D3-BF4B-00C04F79EFBC}") = "MetricsManagerTests", "MetricsManagerTests\MetricsManagerTests.csproj", "{E37AA51F-D805-4A43-929A-1097FA67A2ED}"
EndProject
Project("{FAE04EC0-301F-11D3-BF4B-00C04F79EFBC}") = "MetricsAgentTests", "MetricsAgentTests\MetricsAgentTests.csproj", "{73A136A5-16D2-4A75-A743-D9D2F3B44CB8}"
EndProject
Global
	GlobalSection(SolutionConfigurationPlatforms) = preSolution
		Debug|Any CPU = Debug|Any CPU
		Release|Any CPU = Release|Any CPU
	EndGlobalSection
	GlobalSection(ProjectConfigurationPlatforms) = postSolution
		{A515E8C3-F677-4ACD-AB6E-4A6D3076588C}.Debug|Any CPU.ActiveCfg = Debug|Any CPU
		{A515E8C3-F677-4ACD-AB6E-4A6D3076588C}.Debug|Any CPU.Build.0 = Debug|Any CPU
		{A515E8C3-F677-4ACD-AB6E-4A6D3076588C}.Release|Any CPU.ActiveCfg = Release|Any CPU
		{A515E8C3-F677-4ACD-AB6E-4A6D3076588C}.Release|Any CPU.Build.0 = Release|Any CPU
		{C0099FE2-F628-43BA-8E27-B87A992F845F}.Debug|Any CPU.ActiveCfg = Debug|Any CPU
		{C0099FE2-F628-43BA-8E27-B87A992F845F}.Debug|Any CPU.Build.0 = Debug|Any CPU
		{C0099FE2-F628-43BA-8E27-B87A992F845F}.Release|Any CPU.ActiveCfg = Release|Any CPU
		{C0099FE2-F628-43BA-8E27-B87A992F845F}.Release|Any CPU.Build.0 = Release|Any CPU
		{E37AA51F-D805-4A43-929A-1097FA67A2ED}.Debug|Any CPU.ActiveCfg = Debug|Any CPU
		{E37AA51F-D805-4A43-929A-1097FA67A2ED}.Debug|Any CPU.Build.0 = Debug|Any CPU
		{E37AA51F-D805-4A43-929A-1097FA67A2ED}.Release|Any CPU.ActiveCfg = Release|Any CPU
		{E37AA51F-D805-4A43-929A-1097FA67A2ED}.Release|Any CPU.Build.0 = Release|Any CPU
		{73A136A5-16D2-4A75-A743-D9D2F3B44CB8}.Debug|Any CPU.ActiveCfg = Debug|Any CPU
		{73A136A5-16D2-4A75-A743-D9D2F3B44CB8}.Debug|Any CPU.Build.0 = Debug|Any CPU
		{73A136A5-16D2-4A75-A743-D9D2F3B44CB8}.Release|Any CPU.ActiveCfg = Release|Any CPU
		{73A136A5-16D2-4A75-A743-D9D2F3B44CB8}.Release|Any CPU.Build.0 = Release|Any CPU
	EndGlobalSection
	GlobalSection(SolutionProperties) = preSolution
		HideSolutionNode = FALSE
	EndGlobalSection
	GlobalSection(ExtensibilityGlobals) = postSolution
		SolutionGuid = {397315DF-1DE9-4BB5-BDFD-2ABC16EFCEEA}
	EndGlobalSection
EndGlobal
